
Microsoft Visual Studio Solution File, Format Version 12.00
# Visual Studio 15
VisualStudioVersion = 15.0.26228.9
MinimumVisualStudioVersion = 10.0.40219.1
Project("{FAE04EC0-301F-11D3-BF4B-00C04F79EFBC}") = "spform", "spform\spform.csproj", "{964548F8-F538-415E-B667-6D898A47E17D}"
EndProject
Project("{FAE04EC0-301F-11D3-BF4B-00C04F79EFBC}") = "libspec", "libspec\libspec.csproj", "{5AA88F28-7077-40EE-B9CA-3B2B637577F2}"
EndProject
Project("{FAE04EC0-301F-11D3-BF4B-00C04F79EFBC}") = "transformer", "transformer\transformer.csproj", "{7E52C3AB-5D28-4230-BC65-109064EEB41C}"
EndProject
Project("{FAE04EC0-301F-11D3-BF4B-00C04F79EFBC}") = "spbase", "specbase\spbase.csproj", "{36CEA48D-DFBB-44DD-A223-A73E2C87BA75}"
EndProject
Global
	GlobalSection(SolutionConfigurationPlatforms) = preSolution
		Debug|Any CPU = Debug|Any CPU
		Debug|Mixed Platforms = Debug|Mixed Platforms
		Debug|x86 = Debug|x86
		Release|Any CPU = Release|Any CPU
		Release|Mixed Platforms = Release|Mixed Platforms
		Release|x86 = Release|x86
	EndGlobalSection
	GlobalSection(ProjectConfigurationPlatforms) = postSolution
		{964548F8-F538-415E-B667-6D898A47E17D}.Debug|Any CPU.ActiveCfg = Debug|x86
		{964548F8-F538-415E-B667-6D898A47E17D}.Debug|Mixed Platforms.ActiveCfg = Debug|x86
		{964548F8-F538-415E-B667-6D898A47E17D}.Debug|Mixed Platforms.Build.0 = Debug|x86
		{964548F8-F538-415E-B667-6D898A47E17D}.Debug|x86.ActiveCfg = Debug|x86
		{964548F8-F538-415E-B667-6D898A47E17D}.Debug|x86.Build.0 = Debug|x86
		{964548F8-F538-415E-B667-6D898A47E17D}.Release|Any CPU.ActiveCfg = Release|x86
		{964548F8-F538-415E-B667-6D898A47E17D}.Release|Mixed Platforms.ActiveCfg = Release|x86
		{964548F8-F538-415E-B667-6D898A47E17D}.Release|Mixed Platforms.Build.0 = Release|x86
		{964548F8-F538-415E-B667-6D898A47E17D}.Release|x86.ActiveCfg = Release|x86
		{964548F8-F538-415E-B667-6D898A47E17D}.Release|x86.Build.0 = Release|x86
		{5AA88F28-7077-40EE-B9CA-3B2B637577F2}.Debug|Any CPU.ActiveCfg = Debug|Any CPU
		{5AA88F28-7077-40EE-B9CA-3B2B637577F2}.Debug|Any CPU.Build.0 = Debug|Any CPU
		{5AA88F28-7077-40EE-B9CA-3B2B637577F2}.Debug|Mixed Platforms.ActiveCfg = Debug|Any CPU
		{5AA88F28-7077-40EE-B9CA-3B2B637577F2}.Debug|Mixed Platforms.Build.0 = Debug|Any CPU
		{5AA88F28-7077-40EE-B9CA-3B2B637577F2}.Debug|x86.ActiveCfg = Debug|Any CPU
		{5AA88F28-7077-40EE-B9CA-3B2B637577F2}.Debug|x86.Build.0 = Debug|Any CPU
		{5AA88F28-7077-40EE-B9CA-3B2B637577F2}.Release|Any CPU.ActiveCfg = Release|Any CPU
		{5AA88F28-7077-40EE-B9CA-3B2B637577F2}.Release|Any CPU.Build.0 = Release|Any CPU
		{5AA88F28-7077-40EE-B9CA-3B2B637577F2}.Release|Mixed Platforms.ActiveCfg = Release|Any CPU
		{5AA88F28-7077-40EE-B9CA-3B2B637577F2}.Release|Mixed Platforms.Build.0 = Release|Any CPU
		{5AA88F28-7077-40EE-B9CA-3B2B637577F2}.Release|x86.ActiveCfg = Release|Any CPU
		{5AA88F28-7077-40EE-B9CA-3B2B637577F2}.Release|x86.Build.0 = Release|Any CPU
		{7E52C3AB-5D28-4230-BC65-109064EEB41C}.Debug|Any CPU.ActiveCfg = Debug|Any CPU
		{7E52C3AB-5D28-4230-BC65-109064EEB41C}.Debug|Any CPU.Build.0 = Debug|Any CPU
		{7E52C3AB-5D28-4230-BC65-109064EEB41C}.Debug|Mixed Platforms.ActiveCfg = Debug|Any CPU
		{7E52C3AB-5D28-4230-BC65-109064EEB41C}.Debug|Mixed Platforms.Build.0 = Debug|Any CPU
		{7E52C3AB-5D28-4230-BC65-109064EEB41C}.Debug|x86.ActiveCfg = Debug|Any CPU
		{7E52C3AB-5D28-4230-BC65-109064EEB41C}.Debug|x86.Build.0 = Debug|Any CPU
		{7E52C3AB-5D28-4230-BC65-109064EEB41C}.Release|Any CPU.ActiveCfg = Release|Any CPU
		{7E52C3AB-5D28-4230-BC65-109064EEB41C}.Release|Any CPU.Build.0 = Release|Any CPU
		{7E52C3AB-5D28-4230-BC65-109064EEB41C}.Release|Mixed Platforms.ActiveCfg = Release|Any CPU
		{7E52C3AB-5D28-4230-BC65-109064EEB41C}.Release|Mixed Platforms.Build.0 = Release|Any CPU
		{7E52C3AB-5D28-4230-BC65-109064EEB41C}.Release|x86.ActiveCfg = Release|Any CPU
		{7E52C3AB-5D28-4230-BC65-109064EEB41C}.Release|x86.Build.0 = Release|Any CPU
		{36CEA48D-DFBB-44DD-A223-A73E2C87BA75}.Debug|Any CPU.ActiveCfg = Debug|Any CPU
		{36CEA48D-DFBB-44DD-A223-A73E2C87BA75}.Debug|Any CPU.Build.0 = Debug|Any CPU
		{36CEA48D-DFBB-44DD-A223-A73E2C87BA75}.Debug|Mixed Platforms.ActiveCfg = Debug|Any CPU
		{36CEA48D-DFBB-44DD-A223-A73E2C87BA75}.Debug|Mixed Platforms.Build.0 = Debug|Any CPU
		{36CEA48D-DFBB-44DD-A223-A73E2C87BA75}.Debug|x86.ActiveCfg = Debug|Any CPU
		{36CEA48D-DFBB-44DD-A223-A73E2C87BA75}.Debug|x86.Build.0 = Debug|Any CPU
		{36CEA48D-DFBB-44DD-A223-A73E2C87BA75}.Release|Any CPU.ActiveCfg = Release|Any CPU
		{36CEA48D-DFBB-44DD-A223-A73E2C87BA75}.Release|Any CPU.Build.0 = Release|Any CPU
		{36CEA48D-DFBB-44DD-A223-A73E2C87BA75}.Release|Mixed Platforms.ActiveCfg = Release|Any CPU
		{36CEA48D-DFBB-44DD-A223-A73E2C87BA75}.Release|Mixed Platforms.Build.0 = Release|Any CPU
		{36CEA48D-DFBB-44DD-A223-A73E2C87BA75}.Release|x86.ActiveCfg = Release|Any CPU
		{36CEA48D-DFBB-44DD-A223-A73E2C87BA75}.Release|x86.Build.0 = Release|Any CPU
	EndGlobalSection
	GlobalSection(SolutionProperties) = preSolution
		HideSolutionNode = FALSE
	EndGlobalSection
EndGlobal
